
Microsoft Visual Studio Solution File, Format Version 12.00
# Visual Studio Version 16
VisualStudioVersion = 16.0.29509.3
MinimumVisualStudioVersion = 10.0.40219.1
Project("{FAE04EC0-301F-11D3-BF4B-00C04F79EFBC}") = "Double Arrays", "Double Arrays\Double Arrays.csproj", "{62D54EEA-4D2D-406D-B7E6-233F4979349B}"
EndProject
Global
	GlobalSection(SolutionConfigurationPlatforms) = preSolution
		Debug|Any CPU = Debug|Any CPU
		Release|Any CPU = Release|Any CPU
	EndGlobalSection
	GlobalSection(ProjectConfigurationPlatforms) = postSolution
		{62D54EEA-4D2D-406D-B7E6-233F4979349B}.Debug|Any CPU.ActiveCfg = Debug|Any CPU
		{62D54EEA-4D2D-406D-B7E6-233F4979349B}.Debug|Any CPU.Build.0 = Debug|Any CPU
		{62D54EEA-4D2D-406D-B7E6-233F4979349B}.Release|Any CPU.ActiveCfg = Release|Any CPU
		{62D54EEA-4D2D-406D-B7E6-233F4979349B}.Release|Any CPU.Build.0 = Release|Any CPU
	EndGlobalSection
	GlobalSection(SolutionProperties) = preSolution
		HideSolutionNode = FALSE
	EndGlobalSection
	GlobalSection(ExtensibilityGlobals) = postSolution
		SolutionGuid = {D85E00DA-D00A-4503-8114-1F5035180227}
	EndGlobalSection
EndGlobal
